
Microsoft Visual Studio Solution File, Format Version 12.00
# Visual Studio 15
VisualStudioVersion = 15.0.28307.168
MinimumVisualStudioVersion = 10.0.40219.1
Project("{FAE04EC0-301F-11D3-BF4B-00C04F79EFBC}") = "ImageBirb", "ImageBirb\ImageBirb.csproj", "{B69D9A07-2B0C-48B5-AFAE-A7A6D51CDEBB}"
EndProject
Global
	GlobalSection(SolutionConfigurationPlatforms) = preSolution
		Debug|Any CPU = Debug|Any CPU
		Release|Any CPU = Release|Any CPU
	EndGlobalSection
	GlobalSection(ProjectConfigurationPlatforms) = postSolution
		{B69D9A07-2B0C-48B5-AFAE-A7A6D51CDEBB}.Debug|Any CPU.ActiveCfg = Debug|Any CPU
		{B69D9A07-2B0C-48B5-AFAE-A7A6D51CDEBB}.Debug|Any CPU.Build.0 = Debug|Any CPU
		{B69D9A07-2B0C-48B5-AFAE-A7A6D51CDEBB}.Release|Any CPU.ActiveCfg = Release|Any CPU
		{B69D9A07-2B0C-48B5-AFAE-A7A6D51CDEBB}.Release|Any CPU.Build.0 = Release|Any CPU
	EndGlobalSection
	GlobalSection(SolutionProperties) = preSolution
		HideSolutionNode = FALSE
	EndGlobalSection
	GlobalSection(ExtensibilityGlobals) = postSolution
		SolutionGuid = {766761A7-990C-4569-8E06-56F97307F248}
	EndGlobalSection
EndGlobal
