
Microsoft Visual Studio Solution File, Format Version 12.00
# Visual Studio 15
VisualStudioVersion = 15.0.28307.168
MinimumVisualStudioVersion = 10.0.40219.1
Project("{FAE04EC0-301F-11D3-BF4B-00C04F79EFBC}") = "ImageBirb", "ImageBirb\ImageBirb.csproj", "{B69D9A07-2B0C-48B5-AFAE-A7A6D51CDEBB}"
EndProject
Project("{9A19103F-16F7-4668-BE54-9A1E7A4F7556}") = "ImageBirbCore", "ImageBirbCore\ImageBirbCore.csproj", "{B64855EB-EC77-401C-959C-0A3C9902A65B}"
EndProject
Project("{FAE04EC0-301F-11D3-BF4B-00C04F79EFBC}") = "ImageBirbZero", "ImageBirbZero\ImageBirbZero.csproj", "{84832B5D-D95C-4E3D-A73C-527A0AFE4634}"
EndProject
Project("{FAE04EC0-301F-11D3-BF4B-00C04F79EFBC}") = "ImageBirbCoreUnitTests", "ImageBirbCoreUnitTests\ImageBirbCoreUnitTests.csproj", "{6BFE98F2-8B9F-4C80-A817-52CDF83A05C6}"
EndProject
Global
	GlobalSection(SolutionConfigurationPlatforms) = preSolution
		Debug|Any CPU = Debug|Any CPU
		Release|Any CPU = Release|Any CPU
	EndGlobalSection
	GlobalSection(ProjectConfigurationPlatforms) = postSolution
		{B69D9A07-2B0C-48B5-AFAE-A7A6D51CDEBB}.Debug|Any CPU.ActiveCfg = Debug|Any CPU
		{B69D9A07-2B0C-48B5-AFAE-A7A6D51CDEBB}.Debug|Any CPU.Build.0 = Debug|Any CPU
		{B69D9A07-2B0C-48B5-AFAE-A7A6D51CDEBB}.Release|Any CPU.ActiveCfg = Release|Any CPU
		{B69D9A07-2B0C-48B5-AFAE-A7A6D51CDEBB}.Release|Any CPU.Build.0 = Release|Any CPU
		{B64855EB-EC77-401C-959C-0A3C9902A65B}.Debug|Any CPU.ActiveCfg = Debug|Any CPU
		{B64855EB-EC77-401C-959C-0A3C9902A65B}.Debug|Any CPU.Build.0 = Debug|Any CPU
		{B64855EB-EC77-401C-959C-0A3C9902A65B}.Release|Any CPU.ActiveCfg = Release|Any CPU
		{B64855EB-EC77-401C-959C-0A3C9902A65B}.Release|Any CPU.Build.0 = Release|Any CPU
		{84832B5D-D95C-4E3D-A73C-527A0AFE4634}.Debug|Any CPU.ActiveCfg = Debug|Any CPU
		{84832B5D-D95C-4E3D-A73C-527A0AFE4634}.Debug|Any CPU.Build.0 = Debug|Any CPU
		{84832B5D-D95C-4E3D-A73C-527A0AFE4634}.Release|Any CPU.ActiveCfg = Release|Any CPU
		{84832B5D-D95C-4E3D-A73C-527A0AFE4634}.Release|Any CPU.Build.0 = Release|Any CPU
		{6BFE98F2-8B9F-4C80-A817-52CDF83A05C6}.Debug|Any CPU.ActiveCfg = Debug|Any CPU
		{6BFE98F2-8B9F-4C80-A817-52CDF83A05C6}.Debug|Any CPU.Build.0 = Debug|Any CPU
		{6BFE98F2-8B9F-4C80-A817-52CDF83A05C6}.Release|Any CPU.ActiveCfg = Release|Any CPU
		{6BFE98F2-8B9F-4C80-A817-52CDF83A05C6}.Release|Any CPU.Build.0 = Release|Any CPU
	EndGlobalSection
	GlobalSection(SolutionProperties) = preSolution
		HideSolutionNode = FALSE
	EndGlobalSection
	GlobalSection(ExtensibilityGlobals) = postSolution
		SolutionGuid = {766761A7-990C-4569-8E06-56F97307F248}
	EndGlobalSection
EndGlobal
